// !$*UTF8*$!
{
	archiveVersion = 1;
	classes = {
	};
	objectVersion = 56;
	objects = {

/* Begin PBXBuildFile section */
		AD86F0A92B11E19900728A49 /* AL_chanApp.swift in Sources */ = {isa = PBXBuildFile; fileRef = AD86F0A82B11E19900728A49 /* AL_chanApp.swift */; };
		AD86F0AB2B11E19900728A49 /* ContentView.swift in Sources */ = {isa = PBXBuildFile; fileRef = AD86F0AA2B11E19900728A49 /* ContentView.swift */; };
		AD86F0AD2B11E19B00728A49 /* Assets.xcassets in Resources */ = {isa = PBXBuildFile; fileRef = AD86F0AC2B11E19B00728A49 /* Assets.xcassets */; };
		AD86F0B02B11E19B00728A49 /* Preview Assets.xcassets in Resources */ = {isa = PBXBuildFile; fileRef = AD86F0AF2B11E19B00728A49 /* Preview Assets.xcassets */; };
		AD86F0BA2B11E19B00728A49 /* AL_chanTests.swift in Sources */ = {isa = PBXBuildFile; fileRef = AD86F0B92B11E19B00728A49 /* AL_chanTests.swift */; };
		AD86F0C42B11E19B00728A49 /* AL_chanUITests.swift in Sources */ = {isa = PBXBuildFile; fileRef = AD86F0C32B11E19B00728A49 /* AL_chanUITests.swift */; };
		AD86F0C62B11E19B00728A49 /* AL_chanUITestsLaunchTests.swift in Sources */ = {isa = PBXBuildFile; fileRef = AD86F0C52B11E19B00728A49 /* AL_chanUITestsLaunchTests.swift */; };
/* End PBXBuildFile section */

/* Begin PBXContainerItemProxy section */
		AD86F0B62B11E19B00728A49 /* PBXContainerItemProxy */ = {
			isa = PBXContainerItemProxy;
			containerPortal = AD86F09D2B11E19900728A49 /* Project object */;
			proxyType = 1;
			remoteGlobalIDString = AD86F0A42B11E19900728A49;
			remoteInfo = "AL-chan";
		};
		AD86F0C02B11E19B00728A49 /* PBXContainerItemProxy */ = {
			isa = PBXContainerItemProxy;
			containerPortal = AD86F09D2B11E19900728A49 /* Project object */;
			proxyType = 1;
			remoteGlobalIDString = AD86F0A42B11E19900728A49;
			remoteInfo = "AL-chan";
		};
/* End PBXContainerItemProxy section */

/* Begin PBXFileReference section */
		AD86F0A52B11E19900728A49 /* AL-chan.app */ = {isa = PBXFileReference; explicitFileType = wrapper.application; includeInIndex = 0; path = "AL-chan.app"; sourceTree = BUILT_PRODUCTS_DIR; };
		AD86F0A82B11E19900728A49 /* AL_chanApp.swift */ = {isa = PBXFileReference; lastKnownFileType = sourcecode.swift; path = AL_chanApp.swift; sourceTree = "<group>"; };
		AD86F0AA2B11E19900728A49 /* ContentView.swift */ = {isa = PBXFileReference; lastKnownFileType = sourcecode.swift; path = ContentView.swift; sourceTree = "<group>"; };
		AD86F0AC2B11E19B00728A49 /* Assets.xcassets */ = {isa = PBXFileReference; lastKnownFileType = folder.assetcatalog; path = Assets.xcassets; sourceTree = "<group>"; };
		AD86F0AF2B11E19B00728A49 /* Preview Assets.xcassets */ = {isa = PBXFileReference; lastKnownFileType = folder.assetcatalog; path = "Preview Assets.xcassets"; sourceTree = "<group>"; };
		AD86F0B52B11E19B00728A49 /* AL-chanTests.xctest */ = {isa = PBXFileReference; explicitFileType = wrapper.cfbundle; includeInIndex = 0; path = "AL-chanTests.xctest"; sourceTree = BUILT_PRODUCTS_DIR; };
		AD86F0B92B11E19B00728A49 /* AL_chanTests.swift */ = {isa = PBXFileReference; lastKnownFileType = sourcecode.swift; path = AL_chanTests.swift; sourceTree = "<group>"; };
		AD86F0BF2B11E19B00728A49 /* AL-chanUITests.xctest */ = {isa = PBXFileReference; explicitFileType = wrapper.cfbundle; includeInIndex = 0; path = "AL-chanUITests.xctest"; sourceTree = BUILT_PRODUCTS_DIR; };
		AD86F0C32B11E19B00728A49 /* AL_chanUITests.swift */ = {isa = PBXFileReference; lastKnownFileType = sourcecode.swift; path = AL_chanUITests.swift; sourceTree = "<group>"; };
		AD86F0C52B11E19B00728A49 /* AL_chanUITestsLaunchTests.swift */ = {isa = PBXFileReference; lastKnownFileType = sourcecode.swift; path = AL_chanUITestsLaunchTests.swift; sourceTree = "<group>"; };
/* End PBXFileReference section */

/* Begin PBXFrameworksBuildPhase section */
		AD86F0A22B11E19900728A49 /* Frameworks */ = {
			isa = PBXFrameworksBuildPhase;
			buildActionMask = 2147483647;
			files = (
			);
			runOnlyForDeploymentPostprocessing = 0;
		};
		AD86F0B22B11E19B00728A49 /* Frameworks */ = {
			isa = PBXFrameworksBuildPhase;
			buildActionMask = 2147483647;
			files = (
			);
			runOnlyForDeploymentPostprocessing = 0;
		};
		AD86F0BC2B11E19B00728A49 /* Frameworks */ = {
			isa = PBXFrameworksBuildPhase;
			buildActionMask = 2147483647;
			files = (
			);
			runOnlyForDeploymentPostprocessing = 0;
		};
/* End PBXFrameworksBuildPhase section */

/* Begin PBXGroup section */
		AD86F09C2B11E19900728A49 = {
			isa = PBXGroup;
			children = (
				AD86F0A72B11E19900728A49 /* AL-chan */,
				AD86F0B82B11E19B00728A49 /* AL-chanTests */,
				AD86F0C22B11E19B00728A49 /* AL-chanUITests */,
				AD86F0A62B11E19900728A49 /* Products */,
			);
			sourceTree = "<group>";
		};
		AD86F0A62B11E19900728A49 /* Products */ = {
			isa = PBXGroup;
			children = (
				AD86F0A52B11E19900728A49 /* AL-chan.app */,
				AD86F0B52B11E19B00728A49 /* AL-chanTests.xctest */,
				AD86F0BF2B11E19B00728A49 /* AL-chanUITests.xctest */,
			);
			name = Products;
			sourceTree = "<group>";
		};
		AD86F0A72B11E19900728A49 /* AL-chan */ = {
			isa = PBXGroup;
			children = (
				AD86F0A82B11E19900728A49 /* AL_chanApp.swift */,
				AD86F0AA2B11E19900728A49 /* ContentView.swift */,
				AD86F0AC2B11E19B00728A49 /* Assets.xcassets */,
				AD86F0AE2B11E19B00728A49 /* Preview Content */,
			);
			path = "AL-chan";
			sourceTree = "<group>";
		};
		AD86F0AE2B11E19B00728A49 /* Preview Content */ = {
			isa = PBXGroup;
			children = (
				AD86F0AF2B11E19B00728A49 /* Preview Assets.xcassets */,
			);
			path = "Preview Content";
			sourceTree = "<group>";
		};
		AD86F0B82B11E19B00728A49 /* AL-chanTests */ = {
			isa = PBXGroup;
			children = (
				AD86F0B92B11E19B00728A49 /* AL_chanTests.swift */,
			);
			path = "AL-chanTests";
			sourceTree = "<group>";
		};
		AD86F0C22B11E19B00728A49 /* AL-chanUITests */ = {
			isa = PBXGroup;
			children = (
				AD86F0C32B11E19B00728A49 /* AL_chanUITests.swift */,
				AD86F0C52B11E19B00728A49 /* AL_chanUITestsLaunchTests.swift */,
			);
			path = "AL-chanUITests";
			sourceTree = "<group>";
		};
/* End PBXGroup section */

/* Begin PBXNativeTarget section */
		AD86F0A42B11E19900728A49 /* AL-chan */ = {
			isa = PBXNativeTarget;
			buildConfigurationList = AD86F0C92B11E19B00728A49 /* Build configuration list for PBXNativeTarget "AL-chan" */;
			buildPhases = (
				AD86F0D22B11E27C00728A49 /* ShellScript */,
				AD86F0A12B11E19900728A49 /* Sources */,
				AD86F0A22B11E19900728A49 /* Frameworks */,
				AD86F0A32B11E19900728A49 /* Resources */,
			);
			buildRules = (
			);
			dependencies = (
			);
			name = "AL-chan";
			productName = "AL-chan";
			productReference = AD86F0A52B11E19900728A49 /* AL-chan.app */;
			productType = "com.apple.product-type.application";
		};
		AD86F0B42B11E19B00728A49 /* AL-chanTests */ = {
			isa = PBXNativeTarget;
			buildConfigurationList = AD86F0CC2B11E19B00728A49 /* Build configuration list for PBXNativeTarget "AL-chanTests" */;
			buildPhases = (
				AD86F0B12B11E19B00728A49 /* Sources */,
				AD86F0B22B11E19B00728A49 /* Frameworks */,
				AD86F0B32B11E19B00728A49 /* Resources */,
			);
			buildRules = (
			);
			dependencies = (
				AD86F0B72B11E19B00728A49 /* PBXTargetDependency */,
			);
			name = "AL-chanTests";
			productName = "AL-chanTests";
			productReference = AD86F0B52B11E19B00728A49 /* AL-chanTests.xctest */;
			productType = "com.apple.product-type.bundle.unit-test";
		};
		AD86F0BE2B11E19B00728A49 /* AL-chanUITests */ = {
			isa = PBXNativeTarget;
			buildConfigurationList = AD86F0CF2B11E19B00728A49 /* Build configuration list for PBXNativeTarget "AL-chanUITests" */;
			buildPhases = (
				AD86F0BB2B11E19B00728A49 /* Sources */,
				AD86F0BC2B11E19B00728A49 /* Frameworks */,
				AD86F0BD2B11E19B00728A49 /* Resources */,
			);
			buildRules = (
			);
			dependencies = (
				AD86F0C12B11E19B00728A49 /* PBXTargetDependency */,
			);
			name = "AL-chanUITests";
			productName = "AL-chanUITests";
			productReference = AD86F0BF2B11E19B00728A49 /* AL-chanUITests.xctest */;
			productType = "com.apple.product-type.bundle.ui-testing";
		};
/* End PBXNativeTarget section */

/* Begin PBXProject section */
		AD86F09D2B11E19900728A49 /* Project object */ = {
			isa = PBXProject;
			attributes = {
				BuildIndependentTargetsInParallel = 1;
				LastSwiftUpdateCheck = 1410;
				LastUpgradeCheck = 1410;
				TargetAttributes = {
					AD86F0A42B11E19900728A49 = {
						CreatedOnToolsVersion = 14.1;
					};
					AD86F0B42B11E19B00728A49 = {
						CreatedOnToolsVersion = 14.1;
						TestTargetID = AD86F0A42B11E19900728A49;
					};
					AD86F0BE2B11E19B00728A49 = {
						CreatedOnToolsVersion = 14.1;
						TestTargetID = AD86F0A42B11E19900728A49;
					};
				};
			};
			buildConfigurationList = AD86F0A02B11E19900728A49 /* Build configuration list for PBXProject "AL-chan" */;
			compatibilityVersion = "Xcode 14.0";
			developmentRegion = en;
			hasScannedForEncodings = 0;
			knownRegions = (
				en,
				Base,
			);
			mainGroup = AD86F09C2B11E19900728A49;
			productRefGroup = AD86F0A62B11E19900728A49 /* Products */;
			projectDirPath = "";
			projectRoot = "";
			targets = (
				AD86F0A42B11E19900728A49 /* AL-chan */,
				AD86F0B42B11E19B00728A49 /* AL-chanTests */,
				AD86F0BE2B11E19B00728A49 /* AL-chanUITests */,
			);
		};
/* End PBXProject section */

/* Begin PBXResourcesBuildPhase section */
		AD86F0A32B11E19900728A49 /* Resources */ = {
			isa = PBXResourcesBuildPhase;
			buildActionMask = 2147483647;
			files = (
				AD86F0B02B11E19B00728A49 /* Preview Assets.xcassets in Resources */,
				AD86F0AD2B11E19B00728A49 /* Assets.xcassets in Resources */,
			);
			runOnlyForDeploymentPostprocessing = 0;
		};
		AD86F0B32B11E19B00728A49 /* Resources */ = {
			isa = PBXResourcesBuildPhase;
			buildActionMask = 2147483647;
			files = (
			);
			runOnlyForDeploymentPostprocessing = 0;
		};
		AD86F0BD2B11E19B00728A49 /* Resources */ = {
			isa = PBXResourcesBuildPhase;
			buildActionMask = 2147483647;
			files = (
			);
			runOnlyForDeploymentPostprocessing = 0;
		};
/* End PBXResourcesBuildPhase section */

/* Begin PBXShellScriptBuildPhase section */
		AD86F0D22B11E27C00728A49 /* ShellScript */ = {
			isa = PBXShellScriptBuildPhase;
			buildActionMask = 2147483647;
			files = (
			);
			inputFileListPaths = (
			);
			inputPaths = (
			);
			outputFileListPaths = (
			);
			outputPaths = (
			);
			runOnlyForDeploymentPostprocessing = 0;
			shellPath = /bin/sh;
			shellScript = "cd \"$SRCROOT/..\"\n./gradlew :shared:embedAndSignAppleFrameworkForXcode\n";
		};
/* End PBXShellScriptBuildPhase section */

/* Begin PBXSourcesBuildPhase section */
		AD86F0A12B11E19900728A49 /* Sources */ = {
			isa = PBXSourcesBuildPhase;
			buildActionMask = 2147483647;
			files = (
				AD86F0AB2B11E19900728A49 /* ContentView.swift in Sources */,
				AD86F0A92B11E19900728A49 /* AL_chanApp.swift in Sources */,
			);
			runOnlyForDeploymentPostprocessing = 0;
		};
		AD86F0B12B11E19B00728A49 /* Sources */ = {
			isa = PBXSourcesBuildPhase;
			buildActionMask = 2147483647;
			files = (
				AD86F0BA2B11E19B00728A49 /* AL_chanTests.swift in Sources */,
			);
			runOnlyForDeploymentPostprocessing = 0;
		};
		AD86F0BB2B11E19B00728A49 /* Sources */ = {
			isa = PBXSourcesBuildPhase;
			buildActionMask = 2147483647;
			files = (
				AD86F0C42B11E19B00728A49 /* AL_chanUITests.swift in Sources */,
				AD86F0C62B11E19B00728A49 /* AL_chanUITestsLaunchTests.swift in Sources */,
			);
			runOnlyForDeploymentPostprocessing = 0;
		};
/* End PBXSourcesBuildPhase section */

/* Begin PBXTargetDependency section */
		AD86F0B72B11E19B00728A49 /* PBXTargetDependency */ = {
			isa = PBXTargetDependency;
			target = AD86F0A42B11E19900728A49 /* AL-chan */;
			targetProxy = AD86F0B62B11E19B00728A49 /* PBXContainerItemProxy */;
		};
		AD86F0C12B11E19B00728A49 /* PBXTargetDependency */ = {
			isa = PBXTargetDependency;
			target = AD86F0A42B11E19900728A49 /* AL-chan */;
			targetProxy = AD86F0C02B11E19B00728A49 /* PBXContainerItemProxy */;
		};
/* End PBXTargetDependency section */

/* Begin XCBuildConfiguration section */
		AD86F0C72B11E19B00728A49 /* Debug */ = {
			isa = XCBuildConfiguration;
			buildSettings = {
				ALWAYS_SEARCH_USER_PATHS = NO;
				CLANG_ANALYZER_NONNULL = YES;
				CLANG_ANALYZER_NUMBER_OBJECT_CONVERSION = YES_AGGRESSIVE;
				CLANG_CXX_LANGUAGE_STANDARD = "gnu++20";
				CLANG_ENABLE_MODULES = YES;
				CLANG_ENABLE_OBJC_ARC = YES;
				CLANG_ENABLE_OBJC_WEAK = YES;
				CLANG_WARN_BLOCK_CAPTURE_AUTORELEASING = YES;
				CLANG_WARN_BOOL_CONVERSION = YES;
				CLANG_WARN_COMMA = YES;
				CLANG_WARN_CONSTANT_CONVERSION = YES;
				CLANG_WARN_DEPRECATED_OBJC_IMPLEMENTATIONS = YES;
				CLANG_WARN_DIRECT_OBJC_ISA_USAGE = YES_ERROR;
				CLANG_WARN_DOCUMENTATION_COMMENTS = YES;
				CLANG_WARN_EMPTY_BODY = YES;
				CLANG_WARN_ENUM_CONVERSION = YES;
				CLANG_WARN_INFINITE_RECURSION = YES;
				CLANG_WARN_INT_CONVERSION = YES;
				CLANG_WARN_NON_LITERAL_NULL_CONVERSION = YES;
				CLANG_WARN_OBJC_IMPLICIT_RETAIN_SELF = YES;
				CLANG_WARN_OBJC_LITERAL_CONVERSION = YES;
				CLANG_WARN_OBJC_ROOT_CLASS = YES_ERROR;
				CLANG_WARN_QUOTED_INCLUDE_IN_FRAMEWORK_HEADER = YES;
				CLANG_WARN_RANGE_LOOP_ANALYSIS = YES;
				CLANG_WARN_STRICT_PROTOTYPES = YES;
				CLANG_WARN_SUSPICIOUS_MOVE = YES;
				CLANG_WARN_UNGUARDED_AVAILABILITY = YES_AGGRESSIVE;
				CLANG_WARN_UNREACHABLE_CODE = YES;
				CLANG_WARN__DUPLICATE_METHOD_MATCH = YES;
				COPY_PHASE_STRIP = NO;
				DEBUG_INFORMATION_FORMAT = dwarf;
				ENABLE_STRICT_OBJC_MSGSEND = YES;
				ENABLE_TESTABILITY = YES;
				GCC_C_LANGUAGE_STANDARD = gnu11;
				GCC_DYNAMIC_NO_PIC = NO;
				GCC_NO_COMMON_BLOCKS = YES;
				GCC_OPTIMIZATION_LEVEL = 0;
				GCC_PREPROCESSOR_DEFINITIONS = (
					"DEBUG=1",
					"$(inherited)",
				);
				GCC_WARN_64_TO_32_BIT_CONVERSION = YES;
				GCC_WARN_ABOUT_RETURN_TYPE = YES_ERROR;
				GCC_WARN_UNDECLARED_SELECTOR = YES;
				GCC_WARN_UNINITIALIZED_AUTOS = YES_AGGRESSIVE;
				GCC_WARN_UNUSED_FUNCTION = YES;
				GCC_WARN_UNUSED_VARIABLE = YES;
				IPHONEOS_DEPLOYMENT_TARGET = 16.1;
				MTL_ENABLE_DEBUG_INFO = INCLUDE_SOURCE;
				MTL_FAST_MATH = YES;
				ONLY_ACTIVE_ARCH = YES;
				SDKROOT = iphoneos;
				SWIFT_ACTIVE_COMPILATION_CONDITIONS = DEBUG;
				SWIFT_OPTIMIZATION_LEVEL = "-Onone";
			};
			name = Debug;
		};
		AD86F0C82B11E19B00728A49 /* Release */ = {
			isa = XCBuildConfiguration;
			buildSettings = {
				ALWAYS_SEARCH_USER_PATHS = NO;
				CLANG_ANALYZER_NONNULL = YES;
				CLANG_ANALYZER_NUMBER_OBJECT_CONVERSION = YES_AGGRESSIVE;
				CLANG_CXX_LANGUAGE_STANDARD = "gnu++20";
				CLANG_ENABLE_MODULES = YES;
				CLANG_ENABLE_OBJC_ARC = YES;
				CLANG_ENABLE_OBJC_WEAK = YES;
				CLANG_WARN_BLOCK_CAPTURE_AUTORELEASING = YES;
				CLANG_WARN_BOOL_CONVERSION = YES;
				CLANG_WARN_COMMA = YES;
				CLANG_WARN_CONSTANT_CONVERSION = YES;
				CLANG_WARN_DEPRECATED_OBJC_IMPLEMENTATIONS = YES;
				CLANG_WARN_DIRECT_OBJC_ISA_USAGE = YES_ERROR;
				CLANG_WARN_DOCUMENTATION_COMMENTS = YES;
				CLANG_WARN_EMPTY_BODY = YES;
				CLANG_WARN_ENUM_CONVERSION = YES;
				CLANG_WARN_INFINITE_RECURSION = YES;
				CLANG_WARN_INT_CONVERSION = YES;
				CLANG_WARN_NON_LITERAL_NULL_CONVERSION = YES;
				CLANG_WARN_OBJC_IMPLICIT_RETAIN_SELF = YES;
				CLANG_WARN_OBJC_LITERAL_CONVERSION = YES;
				CLANG_WARN_OBJC_ROOT_CLASS = YES_ERROR;
				CLANG_WARN_QUOTED_INCLUDE_IN_FRAMEWORK_HEADER = YES;
				CLANG_WARN_RANGE_LOOP_ANALYSIS = YES;
				CLANG_WARN_STRICT_PROTOTYPES = YES;
				CLANG_WARN_SUSPICIOUS_MOVE = YES;
				CLANG_WARN_UNGUARDED_AVAILABILITY = YES_AGGRESSIVE;
				CLANG_WARN_UNREACHABLE_CODE = YES;
				CLANG_WARN__DUPLICATE_METHOD_MATCH = YES;
				COPY_PHASE_STRIP = NO;
				DEBUG_INFORMATION_FORMAT = "dwarf-with-dsym";
				ENABLE_NS_ASSERTIONS = NO;
				ENABLE_STRICT_OBJC_MSGSEND = YES;
				GCC_C_LANGUAGE_STANDARD = gnu11;
				GCC_NO_COMMON_BLOCKS = YES;
				GCC_WARN_64_TO_32_BIT_CONVERSION = YES;
				GCC_WARN_ABOUT_RETURN_TYPE = YES_ERROR;
				GCC_WARN_UNDECLARED_SELECTOR = YES;
				GCC_WARN_UNINITIALIZED_AUTOS = YES_AGGRESSIVE;
				GCC_WARN_UNUSED_FUNCTION = YES;
				GCC_WARN_UNUSED_VARIABLE = YES;
				IPHONEOS_DEPLOYMENT_TARGET = 16.1;
				MTL_ENABLE_DEBUG_INFO = NO;
				MTL_FAST_MATH = YES;
				SDKROOT = iphoneos;
				SWIFT_COMPILATION_MODE = wholemodule;
				SWIFT_OPTIMIZATION_LEVEL = "-O";
				VALIDATE_PRODUCT = YES;
			};
			name = Release;
		};
		AD86F0CA2B11E19B00728A49 /* Debug */ = {
			isa = XCBuildConfiguration;
			buildSettings = {
				ASSETCATALOG_COMPILER_APPICON_NAME = AppIcon;
				ASSETCATALOG_COMPILER_GLOBAL_ACCENT_COLOR_NAME = AccentColor;
				CODE_SIGN_STYLE = Automatic;
				CURRENT_PROJECT_VERSION = 1;
				DEVELOPMENT_ASSET_PATHS = "\"AL-chan/Preview Content\"";
				ENABLE_PREVIEWS = YES;
				FRAMEWORK_SEARCH_PATHS = "$(SRCROOT)/../shared/build/xcode-frameworks/$(CONFIGURATION)/$(SDK_NAME)";
				GENERATE_INFOPLIST_FILE = YES;
				INFOPLIST_KEY_UIApplicationSceneManifest_Generation = YES;
				INFOPLIST_KEY_UIApplicationSupportsIndirectInputEvents = YES;
				INFOPLIST_KEY_UILaunchScreen_Generation = YES;
				INFOPLIST_KEY_UISupportedInterfaceOrientations_iPad = "UIInterfaceOrientationPortrait UIInterfaceOrientationPortraitUpsideDown UIInterfaceOrientationLandscapeLeft UIInterfaceOrientationLandscapeRight";
				INFOPLIST_KEY_UISupportedInterfaceOrientations_iPhone = "UIInterfaceOrientationPortrait UIInterfaceOrientationLandscapeLeft UIInterfaceOrientationLandscapeRight";
				LD_RUNPATH_SEARCH_PATHS = (
					"$(inherited)",
					"@executable_path/Frameworks",
				);
				MARKETING_VERSION = 1.0;
				OTHER_LDFLAGS = (
					"$(inherited)",
					"-framework",
					shared,
				);
				PRODUCT_BUNDLE_IDENTIFIER = "com.zen.AL-chan";
				PRODUCT_NAME = "$(TARGET_NAME)";
				SWIFT_EMIT_LOC_STRINGS = YES;
				SWIFT_VERSION = 5.0;
				TARGETED_DEVICE_FAMILY = "1,2";
			};
			name = Debug;
		};
		AD86F0CB2B11E19B00728A49 /* Release */ = {
			isa = XCBuildConfiguration;
			buildSettings = {
				ASSETCATALOG_COMPILER_APPICON_NAME = AppIcon;
				ASSETCATALOG_COMPILER_GLOBAL_ACCENT_COLOR_NAME = AccentColor;
				CODE_SIGN_STYLE = Automatic;
				CURRENT_PROJECT_VERSION = 1;
				DEVELOPMENT_ASSET_PATHS = "\"AL-chan/Preview Content\"";
				ENABLE_PREVIEWS = YES;
				FRAMEWORK_SEARCH_PATHS = "$(SRCROOT)/../shared/build/xcode-frameworks/$(CONFIGURATION)/$(SDK_NAME)";
				GENERATE_INFOPLIST_FILE = YES;
				INFOPLIST_KEY_UIApplicationSceneManifest_Generation = YES;
				INFOPLIST_KEY_UIApplicationSupportsIndirectInputEvents = YES;
				INFOPLIST_KEY_UILaunchScreen_Generation = YES;
				INFOPLIST_KEY_UISupportedInterfaceOrientations_iPad = "UIInterfaceOrientationPortrait UIInterfaceOrientationPortraitUpsideDown UIInterfaceOrientationLandscapeLeft UIInterfaceOrientationLandscapeRight";
				INFOPLIST_KEY_UISupportedInterfaceOrientations_iPhone = "UIInterfaceOrientationPortrait UIInterfaceOrientationLandscapeLeft UIInterfaceOrientationLandscapeRight";
				LD_RUNPATH_SEARCH_PATHS = (
					"$(inherited)",
					"@executable_path/Frameworks",
				);
				MARKETING_VERSION = 1.0;
				OTHER_LDFLAGS = (
					"$(inherited)",
					"-framework",
					shared,
				);
				PRODUCT_BUNDLE_IDENTIFIER = "com.zen.AL-chan";
				PRODUCT_NAME = "$(TARGET_NAME)";
				SWIFT_EMIT_LOC_STRINGS = YES;
				SWIFT_VERSION = 5.0;
				TARGETED_DEVICE_FAMILY = "1,2";
			};
			name = Release;
		};
		AD86F0CD2B11E19B00728A49 /* Debug */ = {
			isa = XCBuildConfiguration;
			buildSettings = {
				ALWAYS_EMBED_SWIFT_STANDARD_LIBRARIES = YES;
				BUNDLE_LOADER = "$(TEST_HOST)";
				CODE_SIGN_STYLE = Automatic;
				CURRENT_PROJECT_VERSION = 1;
				GENERATE_INFOPLIST_FILE = YES;
				IPHONEOS_DEPLOYMENT_TARGET = 16.1;
				MARKETING_VERSION = 1.0;
				PRODUCT_BUNDLE_IDENTIFIER = "com.zen.AL-chanTests";
				PRODUCT_NAME = "$(TARGET_NAME)";
				SWIFT_EMIT_LOC_STRINGS = NO;
				SWIFT_VERSION = 5.0;
				TARGETED_DEVICE_FAMILY = "1,2";
				TEST_HOST = "$(BUILT_PRODUCTS_DIR)/AL-chan.app/$(BUNDLE_EXECUTABLE_FOLDER_PATH)/AL-chan";
			};
			name = Debug;
		};
		AD86F0CE2B11E19B00728A49 /* Release */ = {
			isa = XCBuildConfiguration;
			buildSettings = {
				ALWAYS_EMBED_SWIFT_STANDARD_LIBRARIES = YES;
				BUNDLE_LOADER = "$(TEST_HOST)";
				CODE_SIGN_STYLE = Automatic;
				CURRENT_PROJECT_VERSION = 1;
				GENERATE_INFOPLIST_FILE = YES;
				IPHONEOS_DEPLOYMENT_TARGET = 16.1;
				MARKETING_VERSION = 1.0;
				PRODUCT_BUNDLE_IDENTIFIER = "com.zen.AL-chanTests";
				PRODUCT_NAME = "$(TARGET_NAME)";
				SWIFT_EMIT_LOC_STRINGS = NO;
				SWIFT_VERSION = 5.0;
				TARGETED_DEVICE_FAMILY = "1,2";
				TEST_HOST = "$(BUILT_PRODUCTS_DIR)/AL-chan.app/$(BUNDLE_EXECUTABLE_FOLDER_PATH)/AL-chan";
			};
			name = Release;
		};
		AD86F0D02B11E19B00728A49 /* Debug */ = {
			isa = XCBuildConfiguration;
			buildSettings = {
				ALWAYS_EMBED_SWIFT_STANDARD_LIBRARIES = YES;
				CODE_SIGN_STYLE = Automatic;
				CURRENT_PROJECT_VERSION = 1;
				GENERATE_INFOPLIST_FILE = YES;
				MARKETING_VERSION = 1.0;
				PRODUCT_BUNDLE_IDENTIFIER = "com.zen.AL-chanUITests";
				PRODUCT_NAME = "$(TARGET_NAME)";
				SWIFT_EMIT_LOC_STRINGS = NO;
				SWIFT_VERSION = 5.0;
				TARGETED_DEVICE_FAMILY = "1,2";
				TEST_TARGET_NAME = "AL-chan";
			};
			name = Debug;
		};
		AD86F0D12B11E19B00728A49 /* Release */ = {
			isa = XCBuildConfiguration;
			buildSettings = {
				ALWAYS_EMBED_SWIFT_STANDARD_LIBRARIES = YES;
				CODE_SIGN_STYLE = Automatic;
				CURRENT_PROJECT_VERSION = 1;
				GENERATE_INFOPLIST_FILE = YES;
				MARKETING_VERSION = 1.0;
				PRODUCT_BUNDLE_IDENTIFIER = "com.zen.AL-chanUITests";
				PRODUCT_NAME = "$(TARGET_NAME)";
				SWIFT_EMIT_LOC_STRINGS = NO;
				SWIFT_VERSION = 5.0;
				TARGETED_DEVICE_FAMILY = "1,2";
				TEST_TARGET_NAME = "AL-chan";
			};
			name = Release;
		};
/* End XCBuildConfiguration section */

/* Begin XCConfigurationList section */
		AD86F0A02B11E19900728A49 /* Build configuration list for PBXProject "AL-chan" */ = {
			isa = XCConfigurationList;
			buildConfigurations = (
				AD86F0C72B11E19B00728A49 /* Debug */,
				AD86F0C82B11E19B00728A49 /* Release */,
			);
			defaultConfigurationIsVisible = 0;
			defaultConfigurationName = Release;
		};
		AD86F0C92B11E19B00728A49 /* Build configuration list for PBXNativeTarget "AL-chan" */ = {
			isa = XCConfigurationList;
			buildConfigurations = (
				AD86F0CA2B11E19B00728A49 /* Debug */,
				AD86F0CB2B11E19B00728A49 /* Release */,
			);
			defaultConfigurationIsVisible = 0;
			defaultConfigurationName = Release;
		};
		AD86F0CC2B11E19B00728A49 /* Build configuration list for PBXNativeTarget "AL-chanTests" */ = {
			isa = XCConfigurationList;
			buildConfigurations = (
				AD86F0CD2B11E19B00728A49 /* Debug */,
				AD86F0CE2B11E19B00728A49 /* Release */,
			);
			defaultConfigurationIsVisible = 0;
			defaultConfigurationName = Release;
		};
		AD86F0CF2B11E19B00728A49 /* Build configuration list for PBXNativeTarget "AL-chanUITests" */ = {
			isa = XCConfigurationList;
			buildConfigurations = (
				AD86F0D02B11E19B00728A49 /* Debug */,
				AD86F0D12B11E19B00728A49 /* Release */,
			);
			defaultConfigurationIsVisible = 0;
			defaultConfigurationName = Release;
		};
/* End XCConfigurationList section */
	};
	rootObject = AD86F09D2B11E19900728A49 /* Project object */;
}
